
Microsoft Visual Studio Solution File, Format Version 12.00
# Visual Studio Version 17
VisualStudioVersion = 17.1.32328.378
MinimumVisualStudioVersion = 10.0.40219.1
Project("{9A19103F-16F7-4668-BE54-9A1E7A4F7556}") = "FontStashSharp.FNA.Core", "..\FontStashSharp\src\XNA\FontStashSharp.FNA.Core.csproj", "{134585FE-954C-44A1-96CC-739E528E788D}"
EndProject
Project("{9A19103F-16F7-4668-BE54-9A1E7A4F7556}") = "XNAssets.FNA.Core", "..\XNAssets\src\XNAssets.FNA.Core.csproj", "{76F4A57C-7983-40E6-8307-F251EC0BBF3C}"
EndProject
Project("{9A19103F-16F7-4668-BE54-9A1E7A4F7556}") = "DdsKtxXna.FNA.Core", "..\DdsKtxXna\DdsKtxXna\DdsKtxXna.FNA.Core.csproj", "{8AD6365F-9913-467C-BAC4-AE3F7B8CC0CF}"
EndProject
Project("{2150E333-8FDC-42A3-9474-1A3956D46DE8}") = "ThirdParty", "ThirdParty", "{0FFA10CA-4DF2-4C48-9E7B-C81E66F6EF3B}"
EndProject
Project("{2150E333-8FDC-42A3-9474-1A3956D46DE8}") = "Source", "Source", "{43377E56-9E7A-4ECD-BD27-44B9F85E01AE}"
EndProject
Project("{9A19103F-16F7-4668-BE54-9A1E7A4F7556}") = "DigitalRise.CommandLine", "Source\DigitalRise.CommandLine\DigitalRise.CommandLine.csproj", "{6DC3B3C3-AE37-4088-9ADC-BF7B86771FC2}"
EndProject
Project("{9A19103F-16F7-4668-BE54-9A1E7A4F7556}") = "DigitalRise.Mathematics.FNA.Core", "Source\DigitalRise.Mathematics\DigitalRise.Mathematics.FNA.Core.csproj", "{752A076A-5F37-414E-8FA1-33C1DF620F59}"
EndProject
Project("{9A19103F-16F7-4668-BE54-9A1E7A4F7556}") = "DigitalRise.Geometry.FNA.Core", "Source\DigitalRise.Geometry\DigitalRise.Geometry.FNA.Core.csproj", "{058754F7-2B33-447F-B255-CA690C8CF264}"
EndProject
Project("{9A19103F-16F7-4668-BE54-9A1E7A4F7556}") = "DigitalRise.Particles.FNA.Core", "Source\DigitalRise.Particles\DigitalRise.Particles.FNA.Core.csproj", "{5E7AD09A-5C07-43B7-84D0-14347F9DDAB7}"
EndProject
Project("{2150E333-8FDC-42A3-9474-1A3956D46DE8}") = "Samples", "Samples", "{56281A5D-B334-49CF-B649-A0DEB9598D07}"
EndProject
Project("{9A19103F-16F7-4668-BE54-9A1E7A4F7556}") = "DigitalRise.Common.FNA.Core", "Source\DigitalRise.Common\DigitalRise.Common.FNA.Core.csproj", "{84452B8C-D819-4A3C-AA43-DF18798DD61B}"
EndProject
Project("{9A19103F-16F7-4668-BE54-9A1E7A4F7556}") = "Myra.FNA.Core", "..\Myra\src\Myra\Myra.FNA.Core.csproj", "{ED96E1E1-B21F-4D66-8008-9326646E6B55}"
EndProject
Project("{9A19103F-16F7-4668-BE54-9A1E7A4F7556}") = "FNA.Core", "..\FNA\FNA.Core.csproj", "{67B127B5-701D-4B8C-BC5F-AC22A83E0925}"
EndProject
Project("{2150E333-8FDC-42A3-9474-1A3956D46DE8}") = "Tools", "Tools", "{CC3F32A9-3DA7-4DEC-AC4C-ECF1A0A98111}"
EndProject
Project("{9A19103F-16F7-4668-BE54-9A1E7A4F7556}") = "DigitalRise.Editor.FNA.Core", "Tools\DigitalRise.Editor\DigitalRise.Editor.FNA.Core.csproj", "{406EF65B-658A-4F8C-882E-2E8370D9F949}"
EndProject
Project("{9A19103F-16F7-4668-BE54-9A1E7A4F7556}") = "DigitalRise.Graphics.FNA.Core", "Source\DigitalRise.Graphics\DigitalRise.Graphics.FNA.Core.csproj", "{5EF776CF-1C5C-49B5-A254-F18922693709}"
EndProject
Project("{2150E333-8FDC-42A3-9474-1A3956D46DE8}") = "Tests", "Tests", "{9B239E4E-6E23-4835-8D8E-F2AD5208F81C}"
EndProject
Project("{9A19103F-16F7-4668-BE54-9A1E7A4F7556}") = "NUnit.Utils.FNA.Core", "Tests\NUnit.Utils\NUnit.Utils.FNA.Core.csproj", "{864E5F91-7B77-4F38-ADEE-5747ECEDE90C}"
EndProject
Project("{9A19103F-16F7-4668-BE54-9A1E7A4F7556}") = "DigitalRise.Common.Tests.FNA.Core", "Tests\DigitalRise.Common.Tests\DigitalRise.Common.Tests.FNA.Core.csproj", "{8B5536A1-9EB7-447E-A33C-24F52D0E2362}"
EndProject
Project("{9A19103F-16F7-4668-BE54-9A1E7A4F7556}") = "DigitalRise.Mathematics.Tests.FNA.Core", "Tests\DigitalRise.Mathematics.Tests\DigitalRise.Mathematics.Tests.FNA.Core.csproj", "{B6DE337F-9506-4DB7-8C7F-4878819ECE42}"
EndProject
Project("{9A19103F-16F7-4668-BE54-9A1E7A4F7556}") = "DigitalRise.Geometry.Tests.FNA.Core", "Tests\DigitalRise.Geometry.Tests\DigitalRise.Geometry.Tests.FNA.Core.csproj", "{824981F4-7AE0-4124-B128-08F97C4C1D51}"
EndProject
Project("{9A19103F-16F7-4668-BE54-9A1E7A4F7556}") = "DigitalRise.Graphics.Tests.FNA.Core", "Tests\DigitalRise.Graphics.Tests\DigitalRise.Graphics.Tests.FNA.Core.csproj", "{83FC0806-4C0A-43B9-9AA6-F5314EFD679B}"
EndProject
Project("{9A19103F-16F7-4668-BE54-9A1E7A4F7556}") = "DigitalRise.Particles.Tests.FNA.Core", "Tests\DigitalRise.Particles.Tests\DigitalRise.Particles.Tests.FNA.Core.csproj", "{FAB29909-3DC9-4673-958D-3920236A2FD2}"
EndProject
Global
	GlobalSection(SolutionConfigurationPlatforms) = preSolution
		Debug|Any CPU = Debug|Any CPU
		Debug|x64 = Debug|x64
		Release|Any CPU = Release|Any CPU
		Release|x64 = Release|x64
	EndGlobalSection
	GlobalSection(ProjectConfigurationPlatforms) = postSolution
		{134585FE-954C-44A1-96CC-739E528E788D}.Debug|Any CPU.ActiveCfg = Debug|Any CPU
		{134585FE-954C-44A1-96CC-739E528E788D}.Debug|Any CPU.Build.0 = Debug|Any CPU
		{134585FE-954C-44A1-96CC-739E528E788D}.Debug|x64.ActiveCfg = Debug|Any CPU
		{134585FE-954C-44A1-96CC-739E528E788D}.Debug|x64.Build.0 = Debug|Any CPU
		{134585FE-954C-44A1-96CC-739E528E788D}.Release|Any CPU.ActiveCfg = Release|Any CPU
		{134585FE-954C-44A1-96CC-739E528E788D}.Release|Any CPU.Build.0 = Release|Any CPU
		{134585FE-954C-44A1-96CC-739E528E788D}.Release|x64.ActiveCfg = Release|Any CPU
		{134585FE-954C-44A1-96CC-739E528E788D}.Release|x64.Build.0 = Release|Any CPU
		{76F4A57C-7983-40E6-8307-F251EC0BBF3C}.Debug|Any CPU.ActiveCfg = Debug|Any CPU
		{76F4A57C-7983-40E6-8307-F251EC0BBF3C}.Debug|Any CPU.Build.0 = Debug|Any CPU
		{76F4A57C-7983-40E6-8307-F251EC0BBF3C}.Debug|x64.ActiveCfg = Debug|Any CPU
		{76F4A57C-7983-40E6-8307-F251EC0BBF3C}.Debug|x64.Build.0 = Debug|Any CPU
		{76F4A57C-7983-40E6-8307-F251EC0BBF3C}.Release|Any CPU.ActiveCfg = Release|Any CPU
		{76F4A57C-7983-40E6-8307-F251EC0BBF3C}.Release|Any CPU.Build.0 = Release|Any CPU
		{76F4A57C-7983-40E6-8307-F251EC0BBF3C}.Release|x64.ActiveCfg = Release|Any CPU
		{76F4A57C-7983-40E6-8307-F251EC0BBF3C}.Release|x64.Build.0 = Release|Any CPU
		{8AD6365F-9913-467C-BAC4-AE3F7B8CC0CF}.Debug|Any CPU.ActiveCfg = Debug|Any CPU
		{8AD6365F-9913-467C-BAC4-AE3F7B8CC0CF}.Debug|Any CPU.Build.0 = Debug|Any CPU
		{8AD6365F-9913-467C-BAC4-AE3F7B8CC0CF}.Debug|x64.ActiveCfg = Debug|Any CPU
		{8AD6365F-9913-467C-BAC4-AE3F7B8CC0CF}.Debug|x64.Build.0 = Debug|Any CPU
		{8AD6365F-9913-467C-BAC4-AE3F7B8CC0CF}.Release|Any CPU.ActiveCfg = Release|Any CPU
		{8AD6365F-9913-467C-BAC4-AE3F7B8CC0CF}.Release|Any CPU.Build.0 = Release|Any CPU
		{8AD6365F-9913-467C-BAC4-AE3F7B8CC0CF}.Release|x64.ActiveCfg = Release|Any CPU
		{8AD6365F-9913-467C-BAC4-AE3F7B8CC0CF}.Release|x64.Build.0 = Release|Any CPU
		{6DC3B3C3-AE37-4088-9ADC-BF7B86771FC2}.Debug|Any CPU.ActiveCfg = Debug|Any CPU
		{6DC3B3C3-AE37-4088-9ADC-BF7B86771FC2}.Debug|Any CPU.Build.0 = Debug|Any CPU
		{6DC3B3C3-AE37-4088-9ADC-BF7B86771FC2}.Debug|x64.ActiveCfg = Debug|Any CPU
		{6DC3B3C3-AE37-4088-9ADC-BF7B86771FC2}.Debug|x64.Build.0 = Debug|Any CPU
		{6DC3B3C3-AE37-4088-9ADC-BF7B86771FC2}.Release|Any CPU.ActiveCfg = Release|Any CPU
		{6DC3B3C3-AE37-4088-9ADC-BF7B86771FC2}.Release|Any CPU.Build.0 = Release|Any CPU
		{6DC3B3C3-AE37-4088-9ADC-BF7B86771FC2}.Release|x64.ActiveCfg = Release|Any CPU
		{6DC3B3C3-AE37-4088-9ADC-BF7B86771FC2}.Release|x64.Build.0 = Release|Any CPU
		{752A076A-5F37-414E-8FA1-33C1DF620F59}.Debug|Any CPU.ActiveCfg = Debug|Any CPU
		{752A076A-5F37-414E-8FA1-33C1DF620F59}.Debug|Any CPU.Build.0 = Debug|Any CPU
		{752A076A-5F37-414E-8FA1-33C1DF620F59}.Debug|x64.ActiveCfg = Debug|Any CPU
		{752A076A-5F37-414E-8FA1-33C1DF620F59}.Debug|x64.Build.0 = Debug|Any CPU
		{752A076A-5F37-414E-8FA1-33C1DF620F59}.Release|Any CPU.ActiveCfg = Release|Any CPU
		{752A076A-5F37-414E-8FA1-33C1DF620F59}.Release|Any CPU.Build.0 = Release|Any CPU
		{752A076A-5F37-414E-8FA1-33C1DF620F59}.Release|x64.ActiveCfg = Release|Any CPU
		{752A076A-5F37-414E-8FA1-33C1DF620F59}.Release|x64.Build.0 = Release|Any CPU
		{058754F7-2B33-447F-B255-CA690C8CF264}.Debug|Any CPU.ActiveCfg = Debug|Any CPU
		{058754F7-2B33-447F-B255-CA690C8CF264}.Debug|Any CPU.Build.0 = Debug|Any CPU
		{058754F7-2B33-447F-B255-CA690C8CF264}.Debug|x64.ActiveCfg = Debug|Any CPU
		{058754F7-2B33-447F-B255-CA690C8CF264}.Debug|x64.Build.0 = Debug|Any CPU
		{058754F7-2B33-447F-B255-CA690C8CF264}.Release|Any CPU.ActiveCfg = Release|Any CPU
		{058754F7-2B33-447F-B255-CA690C8CF264}.Release|Any CPU.Build.0 = Release|Any CPU
		{058754F7-2B33-447F-B255-CA690C8CF264}.Release|x64.ActiveCfg = Release|Any CPU
		{058754F7-2B33-447F-B255-CA690C8CF264}.Release|x64.Build.0 = Release|Any CPU
		{5E7AD09A-5C07-43B7-84D0-14347F9DDAB7}.Debug|Any CPU.ActiveCfg = Debug|Any CPU
		{5E7AD09A-5C07-43B7-84D0-14347F9DDAB7}.Debug|Any CPU.Build.0 = Debug|Any CPU
		{5E7AD09A-5C07-43B7-84D0-14347F9DDAB7}.Debug|x64.ActiveCfg = Debug|Any CPU
		{5E7AD09A-5C07-43B7-84D0-14347F9DDAB7}.Debug|x64.Build.0 = Debug|Any CPU
		{5E7AD09A-5C07-43B7-84D0-14347F9DDAB7}.Release|Any CPU.ActiveCfg = Release|Any CPU
		{5E7AD09A-5C07-43B7-84D0-14347F9DDAB7}.Release|Any CPU.Build.0 = Release|Any CPU
		{5E7AD09A-5C07-43B7-84D0-14347F9DDAB7}.Release|x64.ActiveCfg = Release|Any CPU
		{5E7AD09A-5C07-43B7-84D0-14347F9DDAB7}.Release|x64.Build.0 = Release|Any CPU
		{84452B8C-D819-4A3C-AA43-DF18798DD61B}.Debug|Any CPU.ActiveCfg = Debug|Any CPU
		{84452B8C-D819-4A3C-AA43-DF18798DD61B}.Debug|Any CPU.Build.0 = Debug|Any CPU
		{84452B8C-D819-4A3C-AA43-DF18798DD61B}.Debug|x64.ActiveCfg = Debug|Any CPU
		{84452B8C-D819-4A3C-AA43-DF18798DD61B}.Debug|x64.Build.0 = Debug|Any CPU
		{84452B8C-D819-4A3C-AA43-DF18798DD61B}.Release|Any CPU.ActiveCfg = Release|Any CPU
		{84452B8C-D819-4A3C-AA43-DF18798DD61B}.Release|Any CPU.Build.0 = Release|Any CPU
		{84452B8C-D819-4A3C-AA43-DF18798DD61B}.Release|x64.ActiveCfg = Release|Any CPU
		{84452B8C-D819-4A3C-AA43-DF18798DD61B}.Release|x64.Build.0 = Release|Any CPU
		{ED96E1E1-B21F-4D66-8008-9326646E6B55}.Debug|Any CPU.ActiveCfg = Debug|Any CPU
		{ED96E1E1-B21F-4D66-8008-9326646E6B55}.Debug|Any CPU.Build.0 = Debug|Any CPU
		{ED96E1E1-B21F-4D66-8008-9326646E6B55}.Debug|x64.ActiveCfg = Debug|Any CPU
		{ED96E1E1-B21F-4D66-8008-9326646E6B55}.Debug|x64.Build.0 = Debug|Any CPU
		{ED96E1E1-B21F-4D66-8008-9326646E6B55}.Release|Any CPU.ActiveCfg = Release|Any CPU
		{ED96E1E1-B21F-4D66-8008-9326646E6B55}.Release|Any CPU.Build.0 = Release|Any CPU
		{ED96E1E1-B21F-4D66-8008-9326646E6B55}.Release|x64.ActiveCfg = Release|Any CPU
		{ED96E1E1-B21F-4D66-8008-9326646E6B55}.Release|x64.Build.0 = Release|Any CPU
		{67B127B5-701D-4B8C-BC5F-AC22A83E0925}.Debug|Any CPU.ActiveCfg = Debug|Any CPU
		{67B127B5-701D-4B8C-BC5F-AC22A83E0925}.Debug|Any CPU.Build.0 = Debug|Any CPU
		{67B127B5-701D-4B8C-BC5F-AC22A83E0925}.Debug|x64.ActiveCfg = Debug|Any CPU
		{67B127B5-701D-4B8C-BC5F-AC22A83E0925}.Debug|x64.Build.0 = Debug|Any CPU
		{67B127B5-701D-4B8C-BC5F-AC22A83E0925}.Release|Any CPU.ActiveCfg = Release|Any CPU
		{67B127B5-701D-4B8C-BC5F-AC22A83E0925}.Release|Any CPU.Build.0 = Release|Any CPU
		{67B127B5-701D-4B8C-BC5F-AC22A83E0925}.Release|x64.ActiveCfg = Release|Any CPU
		{67B127B5-701D-4B8C-BC5F-AC22A83E0925}.Release|x64.Build.0 = Release|Any CPU
		{406EF65B-658A-4F8C-882E-2E8370D9F949}.Debug|Any CPU.ActiveCfg = Debug|Any CPU
		{406EF65B-658A-4F8C-882E-2E8370D9F949}.Debug|Any CPU.Build.0 = Debug|Any CPU
		{406EF65B-658A-4F8C-882E-2E8370D9F949}.Debug|x64.ActiveCfg = Debug|Any CPU
		{406EF65B-658A-4F8C-882E-2E8370D9F949}.Debug|x64.Build.0 = Debug|Any CPU
		{406EF65B-658A-4F8C-882E-2E8370D9F949}.Release|Any CPU.ActiveCfg = Release|Any CPU
		{406EF65B-658A-4F8C-882E-2E8370D9F949}.Release|Any CPU.Build.0 = Release|Any CPU
		{406EF65B-658A-4F8C-882E-2E8370D9F949}.Release|x64.ActiveCfg = Release|Any CPU
		{406EF65B-658A-4F8C-882E-2E8370D9F949}.Release|x64.Build.0 = Release|Any CPU
		{5EF776CF-1C5C-49B5-A254-F18922693709}.Debug|Any CPU.ActiveCfg = Debug|Any CPU
		{5EF776CF-1C5C-49B5-A254-F18922693709}.Debug|Any CPU.Build.0 = Debug|Any CPU
		{5EF776CF-1C5C-49B5-A254-F18922693709}.Debug|x64.ActiveCfg = Debug|Any CPU
		{5EF776CF-1C5C-49B5-A254-F18922693709}.Debug|x64.Build.0 = Debug|Any CPU
		{5EF776CF-1C5C-49B5-A254-F18922693709}.Release|Any CPU.ActiveCfg = Release|Any CPU
		{5EF776CF-1C5C-49B5-A254-F18922693709}.Release|Any CPU.Build.0 = Release|Any CPU
		{5EF776CF-1C5C-49B5-A254-F18922693709}.Release|x64.ActiveCfg = Release|Any CPU
		{5EF776CF-1C5C-49B5-A254-F18922693709}.Release|x64.Build.0 = Release|Any CPU
		{864E5F91-7B77-4F38-ADEE-5747ECEDE90C}.Debug|Any CPU.ActiveCfg = Debug|Any CPU
		{864E5F91-7B77-4F38-ADEE-5747ECEDE90C}.Debug|Any CPU.Build.0 = Debug|Any CPU
		{864E5F91-7B77-4F38-ADEE-5747ECEDE90C}.Debug|x64.ActiveCfg = Debug|Any CPU
		{864E5F91-7B77-4F38-ADEE-5747ECEDE90C}.Debug|x64.Build.0 = Debug|Any CPU
		{864E5F91-7B77-4F38-ADEE-5747ECEDE90C}.Release|Any CPU.ActiveCfg = Release|Any CPU
		{864E5F91-7B77-4F38-ADEE-5747ECEDE90C}.Release|Any CPU.Build.0 = Release|Any CPU
		{864E5F91-7B77-4F38-ADEE-5747ECEDE90C}.Release|x64.ActiveCfg = Release|Any CPU
		{864E5F91-7B77-4F38-ADEE-5747ECEDE90C}.Release|x64.Build.0 = Release|Any CPU
		{8B5536A1-9EB7-447E-A33C-24F52D0E2362}.Debug|Any CPU.ActiveCfg = Debug|Any CPU
		{8B5536A1-9EB7-447E-A33C-24F52D0E2362}.Debug|Any CPU.Build.0 = Debug|Any CPU
		{8B5536A1-9EB7-447E-A33C-24F52D0E2362}.Debug|x64.ActiveCfg = Debug|Any CPU
		{8B5536A1-9EB7-447E-A33C-24F52D0E2362}.Debug|x64.Build.0 = Debug|Any CPU
		{8B5536A1-9EB7-447E-A33C-24F52D0E2362}.Release|Any CPU.ActiveCfg = Release|Any CPU
		{8B5536A1-9EB7-447E-A33C-24F52D0E2362}.Release|Any CPU.Build.0 = Release|Any CPU
		{8B5536A1-9EB7-447E-A33C-24F52D0E2362}.Release|x64.ActiveCfg = Release|Any CPU
		{8B5536A1-9EB7-447E-A33C-24F52D0E2362}.Release|x64.Build.0 = Release|Any CPU
		{B6DE337F-9506-4DB7-8C7F-4878819ECE42}.Debug|Any CPU.ActiveCfg = Debug|Any CPU
		{B6DE337F-9506-4DB7-8C7F-4878819ECE42}.Debug|Any CPU.Build.0 = Debug|Any CPU
		{B6DE337F-9506-4DB7-8C7F-4878819ECE42}.Debug|x64.ActiveCfg = Debug|Any CPU
		{B6DE337F-9506-4DB7-8C7F-4878819ECE42}.Debug|x64.Build.0 = Debug|Any CPU
		{B6DE337F-9506-4DB7-8C7F-4878819ECE42}.Release|Any CPU.ActiveCfg = Release|Any CPU
		{B6DE337F-9506-4DB7-8C7F-4878819ECE42}.Release|Any CPU.Build.0 = Release|Any CPU
		{B6DE337F-9506-4DB7-8C7F-4878819ECE42}.Release|x64.ActiveCfg = Release|Any CPU
		{B6DE337F-9506-4DB7-8C7F-4878819ECE42}.Release|x64.Build.0 = Release|Any CPU
		{824981F4-7AE0-4124-B128-08F97C4C1D51}.Debug|Any CPU.ActiveCfg = Debug|Any CPU
		{824981F4-7AE0-4124-B128-08F97C4C1D51}.Debug|Any CPU.Build.0 = Debug|Any CPU
		{824981F4-7AE0-4124-B128-08F97C4C1D51}.Debug|x64.ActiveCfg = Debug|Any CPU
		{824981F4-7AE0-4124-B128-08F97C4C1D51}.Debug|x64.Build.0 = Debug|Any CPU
		{824981F4-7AE0-4124-B128-08F97C4C1D51}.Release|Any CPU.ActiveCfg = Release|Any CPU
		{824981F4-7AE0-4124-B128-08F97C4C1D51}.Release|Any CPU.Build.0 = Release|Any CPU
		{824981F4-7AE0-4124-B128-08F97C4C1D51}.Release|x64.ActiveCfg = Release|Any CPU
		{824981F4-7AE0-4124-B128-08F97C4C1D51}.Release|x64.Build.0 = Release|Any CPU
		{83FC0806-4C0A-43B9-9AA6-F5314EFD679B}.Debug|Any CPU.ActiveCfg = Debug|Any CPU
		{83FC0806-4C0A-43B9-9AA6-F5314EFD679B}.Debug|Any CPU.Build.0 = Debug|Any CPU
		{83FC0806-4C0A-43B9-9AA6-F5314EFD679B}.Debug|x64.ActiveCfg = Debug|Any CPU
		{83FC0806-4C0A-43B9-9AA6-F5314EFD679B}.Debug|x64.Build.0 = Debug|Any CPU
		{83FC0806-4C0A-43B9-9AA6-F5314EFD679B}.Release|Any CPU.ActiveCfg = Release|Any CPU
		{83FC0806-4C0A-43B9-9AA6-F5314EFD679B}.Release|Any CPU.Build.0 = Release|Any CPU
		{83FC0806-4C0A-43B9-9AA6-F5314EFD679B}.Release|x64.ActiveCfg = Release|Any CPU
		{83FC0806-4C0A-43B9-9AA6-F5314EFD679B}.Release|x64.Build.0 = Release|Any CPU
		{FAB29909-3DC9-4673-958D-3920236A2FD2}.Debug|Any CPU.ActiveCfg = Debug|Any CPU
		{FAB29909-3DC9-4673-958D-3920236A2FD2}.Debug|Any CPU.Build.0 = Debug|Any CPU
		{FAB29909-3DC9-4673-958D-3920236A2FD2}.Debug|x64.ActiveCfg = Debug|Any CPU
		{FAB29909-3DC9-4673-958D-3920236A2FD2}.Debug|x64.Build.0 = Debug|Any CPU
		{FAB29909-3DC9-4673-958D-3920236A2FD2}.Release|Any CPU.ActiveCfg = Release|Any CPU
		{FAB29909-3DC9-4673-958D-3920236A2FD2}.Release|Any CPU.Build.0 = Release|Any CPU
		{FAB29909-3DC9-4673-958D-3920236A2FD2}.Release|x64.ActiveCfg = Release|Any CPU
		{FAB29909-3DC9-4673-958D-3920236A2FD2}.Release|x64.Build.0 = Release|Any CPU
	EndGlobalSection
	GlobalSection(SolutionProperties) = preSolution
		HideSolutionNode = FALSE
	EndGlobalSection
	GlobalSection(NestedProjects) = preSolution
		{134585FE-954C-44A1-96CC-739E528E788D} = {0FFA10CA-4DF2-4C48-9E7B-C81E66F6EF3B}
		{76F4A57C-7983-40E6-8307-F251EC0BBF3C} = {0FFA10CA-4DF2-4C48-9E7B-C81E66F6EF3B}
		{8AD6365F-9913-467C-BAC4-AE3F7B8CC0CF} = {0FFA10CA-4DF2-4C48-9E7B-C81E66F6EF3B}
		{6DC3B3C3-AE37-4088-9ADC-BF7B86771FC2} = {43377E56-9E7A-4ECD-BD27-44B9F85E01AE}
		{752A076A-5F37-414E-8FA1-33C1DF620F59} = {43377E56-9E7A-4ECD-BD27-44B9F85E01AE}
		{058754F7-2B33-447F-B255-CA690C8CF264} = {43377E56-9E7A-4ECD-BD27-44B9F85E01AE}
		{5E7AD09A-5C07-43B7-84D0-14347F9DDAB7} = {43377E56-9E7A-4ECD-BD27-44B9F85E01AE}
		{84452B8C-D819-4A3C-AA43-DF18798DD61B} = {43377E56-9E7A-4ECD-BD27-44B9F85E01AE}
		{ED96E1E1-B21F-4D66-8008-9326646E6B55} = {0FFA10CA-4DF2-4C48-9E7B-C81E66F6EF3B}
		{67B127B5-701D-4B8C-BC5F-AC22A83E0925} = {0FFA10CA-4DF2-4C48-9E7B-C81E66F6EF3B}
		{406EF65B-658A-4F8C-882E-2E8370D9F949} = {CC3F32A9-3DA7-4DEC-AC4C-ECF1A0A98111}
		{5EF776CF-1C5C-49B5-A254-F18922693709} = {43377E56-9E7A-4ECD-BD27-44B9F85E01AE}
		{864E5F91-7B77-4F38-ADEE-5747ECEDE90C} = {9B239E4E-6E23-4835-8D8E-F2AD5208F81C}
		{8B5536A1-9EB7-447E-A33C-24F52D0E2362} = {9B239E4E-6E23-4835-8D8E-F2AD5208F81C}
		{B6DE337F-9506-4DB7-8C7F-4878819ECE42} = {9B239E4E-6E23-4835-8D8E-F2AD5208F81C}
		{824981F4-7AE0-4124-B128-08F97C4C1D51} = {9B239E4E-6E23-4835-8D8E-F2AD5208F81C}
		{83FC0806-4C0A-43B9-9AA6-F5314EFD679B} = {9B239E4E-6E23-4835-8D8E-F2AD5208F81C}
		{FAB29909-3DC9-4673-958D-3920236A2FD2} = {9B239E4E-6E23-4835-8D8E-F2AD5208F81C}
	EndGlobalSection
	GlobalSection(ExtensibilityGlobals) = postSolution
		SolutionGuid = {35ACDF4E-2CE2-46B1-A19F-35DC131069A1}
	EndGlobalSection
	GlobalSection(MonoDevelopProperties) = preSolution
		StartupItem = Myra.UIEditor\Myra.UIEditor.csproj
	EndGlobalSection
EndGlobal
