
Microsoft Visual Studio Solution File, Format Version 12.00
# Visual Studio Version 17
VisualStudioVersion = 17.1.32328.378
MinimumVisualStudioVersion = 10.0.40219.1
Project("{2150E333-8FDC-42A3-9474-1A3956D46DE8}") = "Tests", "Tests", "{9E6E150B-162E-4D9A-8782-9BAFA9DE73FB}"
EndProject
Project("{2150E333-8FDC-42A3-9474-1A3956D46DE8}") = "Source", "Source", "{43377E56-9E7A-4ECD-BD27-44B9F85E01AE}"
EndProject
Project("{9A19103F-16F7-4668-BE54-9A1E7A4F7556}") = "DigitalRise.Mathematics.MonoGame", "Source\DigitalRise.Mathematics\DigitalRise.Mathematics.MonoGame.csproj", "{4C0A7B03-DAE3-4457-A452-BB9CDB6BAA86}"
EndProject
Project("{9A19103F-16F7-4668-BE54-9A1E7A4F7556}") = "DigitalRise.Geometry.MonoGame", "Source\DigitalRise.Geometry\DigitalRise.Geometry.MonoGame.csproj", "{76B9EAB2-76E6-4D9B-8FC2-94C3DA0C9A80}"
EndProject
Project("{9A19103F-16F7-4668-BE54-9A1E7A4F7556}") = "DigitalRise.Particles.MonoGame", "Source\DigitalRise.Particles\DigitalRise.Particles.MonoGame.csproj", "{7DC1F2A1-1913-4C68-8FDB-67C4141C3386}"
EndProject
Project("{9A19103F-16F7-4668-BE54-9A1E7A4F7556}") = "DigitalRise.Graphics.MonoGame.DirectX", "Source\DigitalRise.Graphics\DigitalRise.Graphics.MonoGame.DirectX.csproj", "{178AC2B0-15A6-44AA-91D7-C9FB23EF4E4A}"
EndProject
Project("{9A19103F-16F7-4668-BE54-9A1E7A4F7556}") = "DigitalRise.Geometry.Tests.MonoGame", "Tests\DigitalRise.Geometry.Tests\DigitalRise.Geometry.Tests.MonoGame.csproj", "{82E2089C-9373-41CA-90E4-9768A1FB481E}"
EndProject
Project("{9A19103F-16F7-4668-BE54-9A1E7A4F7556}") = "DigitalRise.Graphics.Tests.MonoGame.DirectX", "Tests\DigitalRise.Graphics.Tests\DigitalRise.Graphics.Tests.MonoGame.DirectX.csproj", "{89B15E2C-00B4-4749-A302-43F9FEE7E1BE}"
EndProject
Project("{9A19103F-16F7-4668-BE54-9A1E7A4F7556}") = "DigitalRise.Mathematics.Tests.MonoGame", "Tests\DigitalRise.Mathematics.Tests\DigitalRise.Mathematics.Tests.MonoGame.csproj", "{D56DA06E-7443-44A6-B637-2044821A5F3B}"
EndProject
Project("{9A19103F-16F7-4668-BE54-9A1E7A4F7556}") = "DigitalRise.Particles.Tests.MonoGame", "Tests\DigitalRise.Particles.Tests\DigitalRise.Particles.Tests.MonoGame.csproj", "{E3A023E4-7E71-4B1F-BA47-242A2335D5EC}"
EndProject
Project("{2150E333-8FDC-42A3-9474-1A3956D46DE8}") = "Tools", "Tools", "{9CB0DAA8-0CF9-4618-A20C-9DDAE411FB09}"
EndProject
Project("{9A19103F-16F7-4668-BE54-9A1E7A4F7556}") = "NUnit.Utils.MonoGame", "Tests\NUnit.Utils\NUnit.Utils.MonoGame.csproj", "{7379CF1A-8501-4506-AF0C-29EE1CD83251}"
EndProject
Project("{9A19103F-16F7-4668-BE54-9A1E7A4F7556}") = "DigitalRise.TextureConverter", "Tools\DigitalRise.TextureConverter\DigitalRise.TextureConverter.csproj", "{DB433698-F576-4560-A2F5-867C42047654}"
EndProject
Project("{9A19103F-16F7-4668-BE54-9A1E7A4F7556}") = "DigitalRise.ConverterBase", "Tools\DigitalRise.ConverterBase\DigitalRise.ConverterBase.csproj", "{33AED6EA-83DC-43E7-9301-1F7E95B9BB80}"
EndProject
Project("{9A19103F-16F7-4668-BE54-9A1E7A4F7556}") = "DigitalRise.Common", "Source\DigitalRise.Common\DigitalRise.Common.csproj", "{98DC21CB-6EC0-4ABC-9DD6-72AEFE54C017}"
EndProject
Project("{9A19103F-16F7-4668-BE54-9A1E7A4F7556}") = "DigitalRise.Common.Tests", "Tests\DigitalRise.Common.Tests\DigitalRise.Common.Tests.csproj", "{3BD8E7E5-53B6-451E-8524-55DA87ACCCCD}"
EndProject
Project("{FAE04EC0-301F-11D3-BF4B-00C04F79EFBC}") = "DigitalRise.ModelConverter", "Tools\DigitalRise.ModelConverter\DigitalRise.ModelConverter.csproj", "{7FCB2833-AD5E-47D9-BFF6-DEC4D871C66B}"
EndProject
Global
	GlobalSection(SolutionConfigurationPlatforms) = preSolution
		Debug|Any CPU = Debug|Any CPU
		Release|Any CPU = Release|Any CPU
	EndGlobalSection
	GlobalSection(ProjectConfigurationPlatforms) = postSolution
		{4C0A7B03-DAE3-4457-A452-BB9CDB6BAA86}.Debug|Any CPU.ActiveCfg = Debug|Any CPU
		{4C0A7B03-DAE3-4457-A452-BB9CDB6BAA86}.Debug|Any CPU.Build.0 = Debug|Any CPU
		{4C0A7B03-DAE3-4457-A452-BB9CDB6BAA86}.Release|Any CPU.ActiveCfg = Release|Any CPU
		{4C0A7B03-DAE3-4457-A452-BB9CDB6BAA86}.Release|Any CPU.Build.0 = Release|Any CPU
		{76B9EAB2-76E6-4D9B-8FC2-94C3DA0C9A80}.Debug|Any CPU.ActiveCfg = Debug|Any CPU
		{76B9EAB2-76E6-4D9B-8FC2-94C3DA0C9A80}.Debug|Any CPU.Build.0 = Debug|Any CPU
		{76B9EAB2-76E6-4D9B-8FC2-94C3DA0C9A80}.Release|Any CPU.ActiveCfg = Release|Any CPU
		{76B9EAB2-76E6-4D9B-8FC2-94C3DA0C9A80}.Release|Any CPU.Build.0 = Release|Any CPU
		{7DC1F2A1-1913-4C68-8FDB-67C4141C3386}.Debug|Any CPU.ActiveCfg = Debug|Any CPU
		{7DC1F2A1-1913-4C68-8FDB-67C4141C3386}.Debug|Any CPU.Build.0 = Debug|Any CPU
		{7DC1F2A1-1913-4C68-8FDB-67C4141C3386}.Release|Any CPU.ActiveCfg = Release|Any CPU
		{7DC1F2A1-1913-4C68-8FDB-67C4141C3386}.Release|Any CPU.Build.0 = Release|Any CPU
		{178AC2B0-15A6-44AA-91D7-C9FB23EF4E4A}.Debug|Any CPU.ActiveCfg = Debug|Any CPU
		{178AC2B0-15A6-44AA-91D7-C9FB23EF4E4A}.Debug|Any CPU.Build.0 = Debug|Any CPU
		{178AC2B0-15A6-44AA-91D7-C9FB23EF4E4A}.Release|Any CPU.ActiveCfg = Release|Any CPU
		{178AC2B0-15A6-44AA-91D7-C9FB23EF4E4A}.Release|Any CPU.Build.0 = Release|Any CPU
		{82E2089C-9373-41CA-90E4-9768A1FB481E}.Debug|Any CPU.ActiveCfg = Debug|Any CPU
		{82E2089C-9373-41CA-90E4-9768A1FB481E}.Debug|Any CPU.Build.0 = Debug|Any CPU
		{82E2089C-9373-41CA-90E4-9768A1FB481E}.Release|Any CPU.ActiveCfg = Release|Any CPU
		{82E2089C-9373-41CA-90E4-9768A1FB481E}.Release|Any CPU.Build.0 = Release|Any CPU
		{89B15E2C-00B4-4749-A302-43F9FEE7E1BE}.Debug|Any CPU.ActiveCfg = Debug|Any CPU
		{89B15E2C-00B4-4749-A302-43F9FEE7E1BE}.Debug|Any CPU.Build.0 = Debug|Any CPU
		{89B15E2C-00B4-4749-A302-43F9FEE7E1BE}.Release|Any CPU.ActiveCfg = Release|Any CPU
		{89B15E2C-00B4-4749-A302-43F9FEE7E1BE}.Release|Any CPU.Build.0 = Release|Any CPU
		{D56DA06E-7443-44A6-B637-2044821A5F3B}.Debug|Any CPU.ActiveCfg = Debug|Any CPU
		{D56DA06E-7443-44A6-B637-2044821A5F3B}.Debug|Any CPU.Build.0 = Debug|Any CPU
		{D56DA06E-7443-44A6-B637-2044821A5F3B}.Release|Any CPU.ActiveCfg = Release|Any CPU
		{D56DA06E-7443-44A6-B637-2044821A5F3B}.Release|Any CPU.Build.0 = Release|Any CPU
		{E3A023E4-7E71-4B1F-BA47-242A2335D5EC}.Debug|Any CPU.ActiveCfg = Debug|Any CPU
		{E3A023E4-7E71-4B1F-BA47-242A2335D5EC}.Debug|Any CPU.Build.0 = Debug|Any CPU
		{E3A023E4-7E71-4B1F-BA47-242A2335D5EC}.Release|Any CPU.ActiveCfg = Release|Any CPU
		{E3A023E4-7E71-4B1F-BA47-242A2335D5EC}.Release|Any CPU.Build.0 = Release|Any CPU
		{7379CF1A-8501-4506-AF0C-29EE1CD83251}.Debug|Any CPU.ActiveCfg = Debug|Any CPU
		{7379CF1A-8501-4506-AF0C-29EE1CD83251}.Debug|Any CPU.Build.0 = Debug|Any CPU
		{7379CF1A-8501-4506-AF0C-29EE1CD83251}.Release|Any CPU.ActiveCfg = Release|Any CPU
		{7379CF1A-8501-4506-AF0C-29EE1CD83251}.Release|Any CPU.Build.0 = Release|Any CPU
		{DB433698-F576-4560-A2F5-867C42047654}.Debug|Any CPU.ActiveCfg = Debug|Any CPU
		{DB433698-F576-4560-A2F5-867C42047654}.Debug|Any CPU.Build.0 = Debug|Any CPU
		{DB433698-F576-4560-A2F5-867C42047654}.Release|Any CPU.ActiveCfg = Release|Any CPU
		{DB433698-F576-4560-A2F5-867C42047654}.Release|Any CPU.Build.0 = Release|Any CPU
		{33AED6EA-83DC-43E7-9301-1F7E95B9BB80}.Debug|Any CPU.ActiveCfg = Debug|Any CPU
		{33AED6EA-83DC-43E7-9301-1F7E95B9BB80}.Debug|Any CPU.Build.0 = Debug|Any CPU
		{33AED6EA-83DC-43E7-9301-1F7E95B9BB80}.Release|Any CPU.ActiveCfg = Release|Any CPU
		{33AED6EA-83DC-43E7-9301-1F7E95B9BB80}.Release|Any CPU.Build.0 = Release|Any CPU
		{98DC21CB-6EC0-4ABC-9DD6-72AEFE54C017}.Debug|Any CPU.ActiveCfg = Debug|Any CPU
		{98DC21CB-6EC0-4ABC-9DD6-72AEFE54C017}.Debug|Any CPU.Build.0 = Debug|Any CPU
		{98DC21CB-6EC0-4ABC-9DD6-72AEFE54C017}.Release|Any CPU.ActiveCfg = Release|Any CPU
		{98DC21CB-6EC0-4ABC-9DD6-72AEFE54C017}.Release|Any CPU.Build.0 = Release|Any CPU
		{3BD8E7E5-53B6-451E-8524-55DA87ACCCCD}.Debug|Any CPU.ActiveCfg = Debug|Any CPU
		{3BD8E7E5-53B6-451E-8524-55DA87ACCCCD}.Debug|Any CPU.Build.0 = Debug|Any CPU
		{3BD8E7E5-53B6-451E-8524-55DA87ACCCCD}.Release|Any CPU.ActiveCfg = Release|Any CPU
		{3BD8E7E5-53B6-451E-8524-55DA87ACCCCD}.Release|Any CPU.Build.0 = Release|Any CPU
		{7FCB2833-AD5E-47D9-BFF6-DEC4D871C66B}.Debug|Any CPU.ActiveCfg = Debug|Any CPU
		{7FCB2833-AD5E-47D9-BFF6-DEC4D871C66B}.Debug|Any CPU.Build.0 = Debug|Any CPU
		{7FCB2833-AD5E-47D9-BFF6-DEC4D871C66B}.Release|Any CPU.ActiveCfg = Release|Any CPU
		{7FCB2833-AD5E-47D9-BFF6-DEC4D871C66B}.Release|Any CPU.Build.0 = Release|Any CPU
	EndGlobalSection
	GlobalSection(SolutionProperties) = preSolution
		HideSolutionNode = FALSE
	EndGlobalSection
	GlobalSection(NestedProjects) = preSolution
		{4C0A7B03-DAE3-4457-A452-BB9CDB6BAA86} = {43377E56-9E7A-4ECD-BD27-44B9F85E01AE}
		{76B9EAB2-76E6-4D9B-8FC2-94C3DA0C9A80} = {43377E56-9E7A-4ECD-BD27-44B9F85E01AE}
		{7DC1F2A1-1913-4C68-8FDB-67C4141C3386} = {43377E56-9E7A-4ECD-BD27-44B9F85E01AE}
		{178AC2B0-15A6-44AA-91D7-C9FB23EF4E4A} = {43377E56-9E7A-4ECD-BD27-44B9F85E01AE}
		{82E2089C-9373-41CA-90E4-9768A1FB481E} = {9E6E150B-162E-4D9A-8782-9BAFA9DE73FB}
		{89B15E2C-00B4-4749-A302-43F9FEE7E1BE} = {9E6E150B-162E-4D9A-8782-9BAFA9DE73FB}
		{D56DA06E-7443-44A6-B637-2044821A5F3B} = {9E6E150B-162E-4D9A-8782-9BAFA9DE73FB}
		{E3A023E4-7E71-4B1F-BA47-242A2335D5EC} = {9E6E150B-162E-4D9A-8782-9BAFA9DE73FB}
		{7379CF1A-8501-4506-AF0C-29EE1CD83251} = {9E6E150B-162E-4D9A-8782-9BAFA9DE73FB}
		{DB433698-F576-4560-A2F5-867C42047654} = {9CB0DAA8-0CF9-4618-A20C-9DDAE411FB09}
		{33AED6EA-83DC-43E7-9301-1F7E95B9BB80} = {9CB0DAA8-0CF9-4618-A20C-9DDAE411FB09}
		{98DC21CB-6EC0-4ABC-9DD6-72AEFE54C017} = {43377E56-9E7A-4ECD-BD27-44B9F85E01AE}
		{3BD8E7E5-53B6-451E-8524-55DA87ACCCCD} = {9E6E150B-162E-4D9A-8782-9BAFA9DE73FB}
		{7FCB2833-AD5E-47D9-BFF6-DEC4D871C66B} = {9CB0DAA8-0CF9-4618-A20C-9DDAE411FB09}
	EndGlobalSection
	GlobalSection(ExtensibilityGlobals) = postSolution
		SolutionGuid = {35ACDF4E-2CE2-46B1-A19F-35DC131069A1}
	EndGlobalSection
	GlobalSection(MonoDevelopProperties) = preSolution
		StartupItem = Myra.UIEditor\Myra.UIEditor.csproj
	EndGlobalSection
EndGlobal
